
Microsoft Visual Studio Solution File, Format Version 12.00
# Visual Studio Version 17
VisualStudioVersion = 17.3.32922.545
MinimumVisualStudioVersion = 10.0.40219.1
Project("{FAE04EC0-301F-11D3-BF4B-00C04F79EFBC}") = "CabInvoiceGenerator", "CabInvoiceGenerator\CabInvoiceGenerator.csproj", "{BBC27B4F-0320-4C7A-A8A9-1EDAA539BC4F}"
EndProject
Project("{FAE04EC0-301F-11D3-BF4B-00C04F79EFBC}") = "CanInvoiceGeneratorTest", "CanInvoiceGeneratorTest\CanInvoiceGeneratorTest.csproj", "{FE26AD46-AE95-4FEB-A16D-A2675A27F38E}"
EndProject
Global
	GlobalSection(SolutionConfigurationPlatforms) = preSolution
		Debug|Any CPU = Debug|Any CPU
		Release|Any CPU = Release|Any CPU
	EndGlobalSection
	GlobalSection(ProjectConfigurationPlatforms) = postSolution
		{BBC27B4F-0320-4C7A-A8A9-1EDAA539BC4F}.Debug|Any CPU.ActiveCfg = Debug|Any CPU
		{BBC27B4F-0320-4C7A-A8A9-1EDAA539BC4F}.Debug|Any CPU.Build.0 = Debug|Any CPU
		{BBC27B4F-0320-4C7A-A8A9-1EDAA539BC4F}.Release|Any CPU.ActiveCfg = Release|Any CPU
		{BBC27B4F-0320-4C7A-A8A9-1EDAA539BC4F}.Release|Any CPU.Build.0 = Release|Any CPU
		{FE26AD46-AE95-4FEB-A16D-A2675A27F38E}.Debug|Any CPU.ActiveCfg = Debug|Any CPU
		{FE26AD46-AE95-4FEB-A16D-A2675A27F38E}.Debug|Any CPU.Build.0 = Debug|Any CPU
		{FE26AD46-AE95-4FEB-A16D-A2675A27F38E}.Release|Any CPU.ActiveCfg = Release|Any CPU
		{FE26AD46-AE95-4FEB-A16D-A2675A27F38E}.Release|Any CPU.Build.0 = Release|Any CPU
	EndGlobalSection
	GlobalSection(SolutionProperties) = preSolution
		HideSolutionNode = FALSE
	EndGlobalSection
	GlobalSection(ExtensibilityGlobals) = postSolution
		SolutionGuid = {524B5C3E-BE85-4945-9D40-253EE6695CEC}
	EndGlobalSection
EndGlobal
